lockfileVersion: '9.0'

settings:
  autoInstallPeers: true
  excludeLinksFromLockfile: false

importers:

  .:
    dependencies:
      zod:
        specifier: ^4.0.0
        version: 4.1.9

packages:

  zod@4.1.9:
    resolution: {integrity: sha512-HI32jTq0AUAC125z30E8bQNz0RQ+9Uc+4J7V97gLYjZVKRjeydPgGt6dvQzFrav7MYOUGFqqOGiHpA/fdbd0cQ==}

snapshots:

  zod@4.1.9: {}
