lockfileVersion: '9.0'

settings:
  autoInstallPeers: true
  excludeLinksFromLockfile: false

importers:

  .:
    dependencies:
      zod:
        specifier: ^4.0.0
        version: 4.0.16

packages:

  zod@4.0.16:
    resolution: {integrity: sha512-Djo/cM339grjI7/HmN+ixYO2FzEMcWr/On50UlQ/RjrWK1I/hPpWhpC76heCptnRFpH0LMwrEbUY50HDc0V8wg==}

snapshots:

  zod@4.0.16: {}
